// !$*UTF8*$!
{
	archiveVersion = 1;
	classes = {
	};
	objectVersion = 46;
	objects = {

/* Begin PBXBuildFile section */
		849DB55A1E6823AA00FE8DA4 /* main.m in Sources */ = {isa = PBXBuildFile; fileRef = 849DB5591E6823AA00FE8DA4 /* main.m */; };
		849DB55D1E6823AA00FE8DA4 /* AppDelegate.m in Sources */ = {isa = PBXBuildFile; fileRef = 849DB55C1E6823AA00FE8DA4 /* AppDelegate.m */; };
		849DB5631E6823AA00FE8DA4 /* Main.storyboard in Resources */ = {isa = PBXBuildFile; fileRef = 849DB5611E6823AA00FE8DA4 /* Main.storyboard */; };
		849DB5651E6823AA00FE8DA4 /* Assets.xcassets in Resources */ = {isa = PBXBuildFile; fileRef = 849DB5641E6823AA00FE8DA4 /* Assets.xcassets */; };
		849DB5681E6823AA00FE8DA4 /* LaunchScreen.storyboard in Resources */ = {isa = PBXBuildFile; fileRef = 849DB5661E6823AA00FE8DA4 /* LaunchScreen.storyboard */; };
		849DB5731E6823AA00FE8DA4 /* LJImageViewerTests.m in Sources */ = {isa = PBXBuildFile; fileRef = 849DB5721E6823AA00FE8DA4 /* LJImageViewerTests.m */; };
		849DB57E1E6823AA00FE8DA4 /* LJImageViewerUITests.m in Sources */ = {isa = PBXBuildFile; fileRef = 849DB57D1E6823AA00FE8DA4 /* LJImageViewerUITests.m */; };
		849DB5A41E6E558F00FE8DA4 /* ImageBrowserCollectionViewController.m in Sources */ = {isa = PBXBuildFile; fileRef = 849DB5A31E6E558F00FE8DA4 /* ImageBrowserCollectionViewController.m */; };
		849DB5AA1E6E969500FE8DA4 /* LJImageBrowserController.m in Sources */ = {isa = PBXBuildFile; fileRef = 849DB5A91E6E969500FE8DA4 /* LJImageBrowserController.m */; };
		849DB5AD1E6EC2A800FE8DA4 /* FullImageCell.m in Sources */ = {isa = PBXBuildFile; fileRef = 849DB5AC1E6EC2A800FE8DA4 /* FullImageCell.m */; };
		849DB5B01E6EC6D400FE8DA4 /* ImageInfo.m in Sources */ = {isa = PBXBuildFile; fileRef = 849DB5AF1E6EC6D400FE8DA4 /* ImageInfo.m */; };
		849DB5B31E6EC98C00FE8DA4 /* CollectionViewCell.m in Sources */ = {isa = PBXBuildFile; fileRef = 849DB5B21E6EC98C00FE8DA4 /* CollectionViewCell.m */; };
/* End PBXBuildFile section */

/* Begin PBXContainerItemProxy section */
		849DB56F1E6823AA00FE8DA4 /* PBXContainerItemProxy */ = {
			isa = PBXContainerItemProxy;
			containerPortal = 849DB54D1E6823AA00FE8DA4 /* Project object */;
			proxyType = 1;
			remoteGlobalIDString = 849DB5541E6823AA00FE8DA4;
			remoteInfo = LJImageViewer;
		};
		849DB57A1E6823AA00FE8DA4 /* PBXContainerItemProxy */ = {
			isa = PBXContainerItemProxy;
			containerPortal = 849DB54D1E6823AA00FE8DA4 /* Project object */;
			proxyType = 1;
			remoteGlobalIDString = 849DB5541E6823AA00FE8DA4;
			remoteInfo = LJImageViewer;
		};
/* End PBXContainerItemProxy section */

/* Begin PBXFileReference section */
		849DB5551E6823AA00FE8DA4 /* LJImageViewer.app */ = {isa = PBXFileReference; explicitFileType = wrapper.application; includeInIndex = 0; path = LJImageViewer.app; sourceTree = BUILT_PRODUCTS_DIR; };
		849DB5591E6823AA00FE8DA4 /* main.m */ = {isa = PBXFileReference; lastKnownFileType = sourcecode.c.objc; path = main.m; sourceTree = "<group>"; };
		849DB55B1E6823AA00FE8DA4 /* AppDelegate.h */ = {isa = PBXFileReference; lastKnownFileType = sourcecode.c.h; path = AppDelegate.h; sourceTree = "<group>"; };
		849DB55C1E6823AA00FE8DA4 /* AppDelegate.m */ = {isa = PBXFileReference; lastKnownFileType = sourcecode.c.objc; path = AppDelegate.m; sourceTree = "<group>"; };
		849DB5621E6823AA00FE8DA4 /* Base */ = {isa = PBXFileReference; lastKnownFileType = file.storyboard; name = Base; path = Base.lproj/Main.storyboard; sourceTree = "<group>"; };
		849DB5641E6823AA00FE8DA4 /* Assets.xcassets */ = {isa = PBXFileReference; lastKnownFileType = folder.assetcatalog; path = Assets.xcassets; sourceTree = "<group>"; };
		849DB5671E6823AA00FE8DA4 /* Base */ = {isa = PBXFileReference; lastKnownFileType = file.storyboard; name = Base; path = Base.lproj/LaunchScreen.storyboard; sourceTree = "<group>"; };
		849DB5691E6823AA00FE8DA4 /* Info.plist */ = {isa = PBXFileReference; lastKnownFileType = text.plist.xml; path = Info.plist; sourceTree = "<group>"; };
		849DB56E1E6823AA00FE8DA4 /* LJImageViewerTests.xctest */ = {isa = PBXFileReference; explicitFileType = wrapper.cfbundle; includeInIndex = 0; path = LJImageViewerTests.xctest; sourceTree = BUILT_PRODUCTS_DIR; };
		849DB5721E6823AA00FE8DA4 /* LJImageViewerTests.m */ = {isa = PBXFileReference; lastKnownFileType = sourcecode.c.objc; path = LJImageViewerTests.m; sourceTree = "<group>"; };
		849DB5741E6823AA00FE8DA4 /* Info.plist */ = {isa = PBXFileReference; lastKnownFileType = text.plist.xml; path = Info.plist; sourceTree = "<group>"; };
		849DB5791E6823AA00FE8DA4 /* LJImageViewerUITests.xctest */ = {isa = PBXFileReference; explicitFileType = wrapper.cfbundle; includeInIndex = 0; path = LJImageViewerUITests.xctest; sourceTree = BUILT_PRODUCTS_DIR; };
		849DB57D1E6823AA00FE8DA4 /* LJImageViewerUITests.m */ = {isa = PBXFileReference; lastKnownFileType = sourcecode.c.objc; path = LJImageViewerUITests.m; sourceTree = "<group>"; };
		849DB57F1E6823AA00FE8DA4 /* Info.plist */ = {isa = PBXFileReference; lastKnownFileType = text.plist.xml; path = Info.plist; sourceTree = "<group>"; };
		849DB5A21E6E558F00FE8DA4 /* ImageBrowserCollectionViewController.h */ = {isa = PBXFileReference; fileEncoding = 4; lastKnownFileType = sourcecode.c.h; path = ImageBrowserCollectionViewController.h; sourceTree = "<group>"; };
		849DB5A31E6E558F00FE8DA4 /* ImageBrowserCollectionViewController.m */ = {isa = PBXFileReference; fileEncoding = 4; lastKnownFileType = sourcecode.c.objc; path = ImageBrowserCollectionViewController.m; sourceTree = "<group>"; };
		849DB5A81E6E969500FE8DA4 /* LJImageBrowserController.h */ = {isa = PBXFileReference; fileEncoding = 4; lastKnownFileType = sourcecode.c.h; name = LJImageBrowserController.h; path = ImageViewer/LJImageBrowserController.h; sourceTree = "<group>"; };
		849DB5A91E6E969500FE8DA4 /* LJImageBrowserController.m */ = {isa = PBXFileReference; fileEncoding = 4; lastKnownFileType = sourcecode.c.objc; name = LJImageBrowserController.m; path = ImageViewer/LJImageBrowserController.m; sourceTree = "<group>"; };
		849DB5AB1E6EC2A800FE8DA4 /* FullImageCell.h */ = {isa = PBXFileReference; fileEncoding = 4; lastKnownFileType = sourcecode.c.h; name = FullImageCell.h; path = ImageViewer/FullImageCell.h; sourceTree = "<group>"; };
		849DB5AC1E6EC2A800FE8DA4 /* FullImageCell.m */ = {isa = PBXFileReference; fileEncoding = 4; lastKnownFileType = sourcecode.c.objc; name = FullImageCell.m; path = ImageViewer/FullImageCell.m; sourceTree = "<group>"; };
		849DB5AE1E6EC6D400FE8DA4 /* ImageInfo.h */ = {isa = PBXFileReference; fileEncoding = 4; lastKnownFileType = sourcecode.c.h; name = ImageInfo.h; path = ImageViewer/ImageInfo.h; sourceTree = "<group>"; };
		849DB5AF1E6EC6D400FE8DA4 /* ImageInfo.m */ = {isa = PBXFileReference; fileEncoding = 4; lastKnownFileType = sourcecode.c.objc; name = ImageInfo.m; path = ImageViewer/ImageInfo.m; sourceTree = "<group>"; };
		849DB5B11E6EC98C00FE8DA4 /* CollectionViewCell.h */ = {isa = PBXFileReference; fileEncoding = 4; lastKnownFileType = sourcecode.c.h; path = CollectionViewCell.h; sourceTree = "<group>"; };
		849DB5B21E6EC98C00FE8DA4 /* CollectionViewCell.m */ = {isa = PBXFileReference; fileEncoding = 4; lastKnownFileType = sourcecode.c.objc; path = CollectionViewCell.m; sourceTree = "<group>"; };
/* End PBXFileReference section */

/* Begin PBXFrameworksBuildPhase section */
		849DB5521E6823AA00FE8DA4 /* Frameworks */ = {
			isa = PBXFrameworksBuildPhase;
			buildActionMask = 2147483647;
			files = (
			);
			runOnlyForDeploymentPostprocessing = 0;
		};
		849DB56B1E6823AA00FE8DA4 /* Frameworks */ = {
			isa = PBXFrameworksBuildPhase;
			buildActionMask = 2147483647;
			files = (
			);
			runOnlyForDeploymentPostprocessing = 0;
		};
		849DB5761E6823AA00FE8DA4 /* Frameworks */ = {
			isa = PBXFrameworksBuildPhase;
			buildActionMask = 2147483647;
			files = (
			);
			runOnlyForDeploymentPostprocessing = 0;
		};
/* End PBXFrameworksBuildPhase section */

/* Begin PBXGroup section */
		849DB54C1E6823AA00FE8DA4 = {
			isa = PBXGroup;
			children = (
				849DB5571E6823AA00FE8DA4 /* LJImageViewer */,
				849DB5711E6823AA00FE8DA4 /* LJImageViewerTests */,
				849DB57C1E6823AA00FE8DA4 /* LJImageViewerUITests */,
				849DB5561E6823AA00FE8DA4 /* Products */,
			);
			sourceTree = "<group>";
		};
		849DB5561E6823AA00FE8DA4 /* Products */ = {
			isa = PBXGroup;
			children = (
				849DB5551E6823AA00FE8DA4 /* LJImageViewer.app */,
				849DB56E1E6823AA00FE8DA4 /* LJImageViewerTests.xctest */,
				849DB5791E6823AA00FE8DA4 /* LJImageViewerUITests.xctest */,
			);
			name = Products;
			sourceTree = "<group>";
		};
		849DB5571E6823AA00FE8DA4 /* LJImageViewer */ = {
			isa = PBXGroup;
			children = (
				849DB5B11E6EC98C00FE8DA4 /* CollectionViewCell.h */,
				849DB5B21E6EC98C00FE8DA4 /* CollectionViewCell.m */,
				849DB55B1E6823AA00FE8DA4 /* AppDelegate.h */,
				849DB55C1E6823AA00FE8DA4 /* AppDelegate.m */,
				849DB5641E6823AA00FE8DA4 /* Assets.xcassets */,
				849DB5A21E6E558F00FE8DA4 /* ImageBrowserCollectionViewController.h */,
				849DB5A31E6E558F00FE8DA4 /* ImageBrowserCollectionViewController.m */,
				849DB58B1E6823BD00FE8DA4 /* ImageViewer */,
				849DB5691E6823AA00FE8DA4 /* Info.plist */,
				849DB5661E6823AA00FE8DA4 /* LaunchScreen.storyboard */,
				849DB5611E6823AA00FE8DA4 /* Main.storyboard */,
				849DB5581E6823AA00FE8DA4 /* Supporting Files */,
			);
			path = LJImageViewer;
			sourceTree = "<group>";
		};
		849DB5581E6823AA00FE8DA4 /* Supporting Files */ = {
			isa = PBXGroup;
			children = (
				849DB5591E6823AA00FE8DA4 /* main.m */,
			);
			name = "Supporting Files";
			sourceTree = "<group>";
		};
		849DB5711E6823AA00FE8DA4 /* LJImageViewerTests */ = {
			isa = PBXGroup;
			children = (
				849DB5721E6823AA00FE8DA4 /* LJImageViewerTests.m */,
				849DB5741E6823AA00FE8DA4 /* Info.plist */,
			);
			path = LJImageViewerTests;
			sourceTree = "<group>";
		};
		849DB57C1E6823AA00FE8DA4 /* LJImageViewerUITests */ = {
			isa = PBXGroup;
			children = (
				849DB57D1E6823AA00FE8DA4 /* LJImageViewerUITests.m */,
				849DB57F1E6823AA00FE8DA4 /* Info.plist */,
			);
			path = LJImageViewerUITests;
			sourceTree = "<group>";
		};
		849DB58B1E6823BD00FE8DA4 /* ImageViewer */ = {
			isa = PBXGroup;
			children = (
				849DB5A81E6E969500FE8DA4 /* LJImageBrowserController.h */,
				849DB5A91E6E969500FE8DA4 /* LJImageBrowserController.m */,
				849DB5AB1E6EC2A800FE8DA4 /* FullImageCell.h */,
				849DB5AC1E6EC2A800FE8DA4 /* FullImageCell.m */,
				849DB5AE1E6EC6D400FE8DA4 /* ImageInfo.h */,
				849DB5AF1E6EC6D400FE8DA4 /* ImageInfo.m */,
			);
			name = ImageViewer;
			sourceTree = "<group>";
		};
/* End PBXGroup section */

/* Begin PBXNativeTarget section */
		849DB5541E6823AA00FE8DA4 /* LJImageViewer */ = {
			isa = PBXNativeTarget;
			buildConfigurationList = 849DB5821E6823AA00FE8DA4 /* Build configuration list for PBXNativeTarget "LJImageViewer" */;
			buildPhases = (
				849DB5511E6823AA00FE8DA4 /* Sources */,
				849DB5521E6823AA00FE8DA4 /* Frameworks */,
				849DB5531E6823AA00FE8DA4 /* Resources */,
			);
			buildRules = (
			);
			dependencies = (
			);
			name = LJImageViewer;
			productName = LJImageViewer;
			productReference = 849DB5551E6823AA00FE8DA4 /* LJImageViewer.app */;
			productType = "com.apple.product-type.application";
		};
		849DB56D1E6823AA00FE8DA4 /* LJImageViewerTests */ = {
			isa = PBXNativeTarget;
			buildConfigurationList = 849DB5851E6823AA00FE8DA4 /* Build configuration list for PBXNativeTarget "LJImageViewerTests" */;
			buildPhases = (
				849DB56A1E6823AA00FE8DA4 /* Sources */,
				849DB56B1E6823AA00FE8DA4 /* Frameworks */,
				849DB56C1E6823AA00FE8DA4 /* Resources */,
			);
			buildRules = (
			);
			dependencies = (
				849DB5701E6823AA00FE8DA4 /* PBXTargetDependency */,
			);
			name = LJImageViewerTests;
			productName = LJImageViewerTests;
			productReference = 849DB56E1E6823AA00FE8DA4 /* LJImageViewerTests.xctest */;
			productType = "com.apple.product-type.bundle.unit-test";
		};
		849DB5781E6823AA00FE8DA4 /* LJImageViewerUITests */ = {
			isa = PBXNativeTarget;
			buildConfigurationList = 849DB5881E6823AA00FE8DA4 /* Build configuration list for PBXNativeTarget "LJImageViewerUITests" */;
			buildPhases = (
				849DB5751E6823AA00FE8DA4 /* Sources */,
				849DB5761E6823AA00FE8DA4 /* Frameworks */,
				849DB5771E6823AA00FE8DA4 /* Resources */,
			);
			buildRules = (
			);
			dependencies = (
				849DB57B1E6823AA00FE8DA4 /* PBXTargetDependency */,
			);
			name = LJImageViewerUITests;
			productName = LJImageViewerUITests;
			productReference = 849DB5791E6823AA00FE8DA4 /* LJImageViewerUITests.xctest */;
			productType = "com.apple.product-type.bundle.ui-testing";
		};
/* End PBXNativeTarget section */

/* Begin PBXProject section */
		849DB54D1E6823AA00FE8DA4 /* Project object */ = {
			isa = PBXProject;
			attributes = {
				LastUpgradeCheck = 0820;
				ORGANIZATIONNAME = "焦鹏";
				TargetAttributes = {
					849DB5541E6823AA00FE8DA4 = {
						CreatedOnToolsVersion = 8.2.1;
						DevelopmentTeam = 3WD3PXL9FL;
						ProvisioningStyle = Automatic;
					};
					849DB56D1E6823AA00FE8DA4 = {
						CreatedOnToolsVersion = 8.2.1;
						DevelopmentTeam = 3WD3PXL9FL;
						ProvisioningStyle = Automatic;
						TestTargetID = 849DB5541E6823AA00FE8DA4;
					};
					849DB5781E6823AA00FE8DA4 = {
						CreatedOnToolsVersion = 8.2.1;
						DevelopmentTeam = 3WD3PXL9FL;
						ProvisioningStyle = Automatic;
						TestTargetID = 849DB5541E6823AA00FE8DA4;
					};
				};
			};
			buildConfigurationList = 849DB5501E6823AA00FE8DA4 /* Build configuration list for PBXProject "LJImageViewer" */;
			compatibilityVersion = "Xcode 3.2";
			developmentRegion = English;
			hasScannedForEncodings = 0;
			knownRegions = (
				en,
				Base,
			);
			mainGroup = 849DB54C1E6823AA00FE8DA4;
			productRefGroup = 849DB5561E6823AA00FE8DA4 /* Products */;
			projectDirPath = "";
			projectRoot = "";
			targets = (
				849DB5541E6823AA00FE8DA4 /* LJImageViewer */,
				849DB56D1E6823AA00FE8DA4 /* LJImageViewerTests */,
				849DB5781E6823AA00FE8DA4 /* LJImageViewerUITests */,
			);
		};
/* End PBXProject section */

/* Begin PBXResourcesBuildPhase section */
		849DB5531E6823AA00FE8DA4 /* Resources */ = {
			isa = PBXResourcesBuildPhase;
			buildActionMask = 2147483647;
			files = (
				849DB5681E6823AA00FE8DA4 /* LaunchScreen.storyboard in Resources */,
				849DB5651E6823AA00FE8DA4 /* Assets.xcassets in Resources */,
				849DB5631E6823AA00FE8DA4 /* Main.storyboard in Resources */,
			);
			runOnlyForDeploymentPostprocessing = 0;
		};
		849DB56C1E6823AA00FE8DA4 /* Resources */ = {
			isa = PBXResourcesBuildPhase;
			buildActionMask = 2147483647;
			files = (
			);
			runOnlyForDeploymentPostprocessing = 0;
		};
		849DB5771E6823AA00FE8DA4 /* Resources */ = {
			isa = PBXResourcesBuildPhase;
			buildActionMask = 2147483647;
			files = (
			);
			runOnlyForDeploymentPostprocessing = 0;
		};
/* End PBXResourcesBuildPhase section */

/* Begin PBXSourcesBuildPhase section */
		849DB5511E6823AA00FE8DA4 /* Sources */ = {
			isa = PBXSourcesBuildPhase;
			buildActionMask = 2147483647;
			files = (
				849DB5B01E6EC6D400FE8DA4 /* ImageInfo.m in Sources */,
				849DB5AA1E6E969500FE8DA4 /* LJImageBrowserController.m in Sources */,
				849DB5A41E6E558F00FE8DA4 /* ImageBrowserCollectionViewController.m in Sources */,
				849DB5AD1E6EC2A800FE8DA4 /* FullImageCell.m in Sources */,
				849DB55D1E6823AA00FE8DA4 /* AppDelegate.m in Sources */,
				849DB5B31E6EC98C00FE8DA4 /* CollectionViewCell.m in Sources */,
				849DB55A1E6823AA00FE8DA4 /* main.m in Sources */,
			);
			runOnlyForDeploymentPostprocessing = 0;
		};
		849DB56A1E6823AA00FE8DA4 /* Sources */ = {
			isa = PBXSourcesBuildPhase;
			buildActionMask = 2147483647;
			files = (
				849DB5731E6823AA00FE8DA4 /* LJImageViewerTests.m in Sources */,
			);
			runOnlyForDeploymentPostprocessing = 0;
		};
		849DB5751E6823AA00FE8DA4 /* Sources */ = {
			isa = PBXSourcesBuildPhase;
			buildActionMask = 2147483647;
			files = (
				849DB57E1E6823AA00FE8DA4 /* LJImageViewerUITests.m in Sources */,
			);
			runOnlyForDeploymentPostprocessing = 0;
		};
/* End PBXSourcesBuildPhase section */

/* Begin PBXTargetDependency section */
		849DB5701E6823AA00FE8DA4 /* PBXTargetDependency */ = {
			isa = PBXTargetDependency;
			target = 849DB5541E6823AA00FE8DA4 /* LJImageViewer */;
			targetProxy = 849DB56F1E6823AA00FE8DA4 /* PBXContainerItemProxy */;
		};
		849DB57B1E6823AA00FE8DA4 /* PBXTargetDependency */ = {
			isa = PBXTargetDependency;
			target = 849DB5541E6823AA00FE8DA4 /* LJImageViewer */;
			targetProxy = 849DB57A1E6823AA00FE8DA4 /* PBXContainerItemProxy */;
		};
/* End PBXTargetDependency section */

/* Begin PBXVariantGroup section */
		849DB5611E6823AA00FE8DA4 /* Main.storyboard */ = {
			isa = PBXVariantGroup;
			children = (
				849DB5621E6823AA00FE8DA4 /* Base */,
			);
			name = Main.storyboard;
			sourceTree = "<group>";
		};
		849DB5661E6823AA00FE8DA4 /* LaunchScreen.storyboard */ = {
			isa = PBXVariantGroup;
			children = (
				849DB5671E6823AA00FE8DA4 /* Base */,
			);
			name = LaunchScreen.storyboard;
			sourceTree = "<group>";
		};
/* End PBXVariantGroup section */

/* Begin XCBuildConfiguration section */
		849DB5801E6823AA00FE8DA4 /* Debug */ = {
			isa = XCBuildConfiguration;
			buildSettings = {
				ALWAYS_SEARCH_USER_PATHS = NO;
				CLANG_ANALYZER_NONNULL = YES;
				CLANG_CXX_LANGUAGE_STANDARD = "gnu++0x";
				CLANG_CXX_LIBRARY = "libc++";
				CLANG_ENABLE_MODULES = YES;
				CLANG_ENABLE_OBJC_ARC = YES;
				CLANG_WARN_BOOL_CONVERSION = YES;
				CLANG_WARN_CONSTANT_CONVERSION = YES;
				CLANG_WARN_DIRECT_OBJC_ISA_USAGE = YES_ERROR;
				CLANG_WARN_DOCUMENTATION_COMMENTS = YES;
				CLANG_WARN_EMPTY_BODY = YES;
				CLANG_WARN_ENUM_CONVERSION = YES;
				CLANG_WARN_INFINITE_RECURSION = YES;
				CLANG_WARN_INT_CONVERSION = YES;
				CLANG_WARN_OBJC_ROOT_CLASS = YES_ERROR;
				CLANG_WARN_SUSPICIOUS_MOVE = YES;
				CLANG_WARN_UNREACHABLE_CODE = YES;
				CLANG_WARN__DUPLICATE_METHOD_MATCH = YES;
				"CODE_SIGN_IDENTITY[sdk=iphoneos*]" = "iPhone Developer";
				COPY_PHASE_STRIP = NO;
				DEBUG_INFORMATION_FORMAT = dwarf;
				ENABLE_STRICT_OBJC_MSGSEND = YES;
				ENABLE_TESTABILITY = YES;
				GCC_C_LANGUAGE_STANDARD = gnu99;
				GCC_DYNAMIC_NO_PIC = NO;
				GCC_NO_COMMON_BLOCKS = YES;
				GCC_OPTIMIZATION_LEVEL = 0;
				GCC_PREPROCESSOR_DEFINITIONS = (
					"DEBUG=1",
					"$(inherited)",
				);
				GCC_WARN_64_TO_32_BIT_CONVERSION = YES;
				GCC_WARN_ABOUT_RETURN_TYPE = YES_ERROR;
				GCC_WARN_UNDECLARED_SELECTOR = YES;
				GCC_WARN_UNINITIALIZED_AUTOS = YES_AGGRESSIVE;
				GCC_WARN_UNUSED_FUNCTION = YES;
				GCC_WARN_UNUSED_VARIABLE = YES;
				IPHONEOS_DEPLOYMENT_TARGET = 10.2;
				MTL_ENABLE_DEBUG_INFO = YES;
				ONLY_ACTIVE_ARCH = YES;
				SDKROOT = iphoneos;
			};
			name = Debug;
		};
		849DB5811E6823AA00FE8DA4 /* Release */ = {
			isa = XCBuildConfiguration;
			buildSettings = {
				ALWAYS_SEARCH_USER_PATHS = NO;
				CLANG_ANALYZER_NONNULL = YES;
				CLANG_CXX_LANGUAGE_STANDARD = "gnu++0x";
				CLANG_CXX_LIBRARY = "libc++";
				CLANG_ENABLE_MODULES = YES;
				CLANG_ENABLE_OBJC_ARC = YES;
				CLANG_WARN_BOOL_CONVERSION = YES;
				CLANG_WARN_CONSTANT_CONVERSION = YES;
				CLANG_WARN_DIRECT_OBJC_ISA_USAGE = YES_ERROR;
				CLANG_WARN_DOCUMENTATION_COMMENTS = YES;
				CLANG_WARN_EMPTY_BODY = YES;
				CLANG_WARN_ENUM_CONVERSION = YES;
				CLANG_WARN_INFINITE_RECURSION = YES;
				CLANG_WARN_INT_CONVERSION = YES;
				CLANG_WARN_OBJC_ROOT_CLASS = YES_ERROR;
				CLANG_WARN_SUSPICIOUS_MOVE = YES;
				CLANG_WARN_UNREACHABLE_CODE = YES;
				CLANG_WARN__DUPLICATE_METHOD_MATCH = YES;
				"CODE_SIGN_IDENTITY[sdk=iphoneos*]" = "iPhone Developer";
				COPY_PHASE_STRIP = NO;
				DEBUG_INFORMATION_FORMAT = "dwarf-with-dsym";
				ENABLE_NS_ASSERTIONS = NO;
				ENABLE_STRICT_OBJC_MSGSEND = YES;
				GCC_C_LANGUAGE_STANDARD = gnu99;
				GCC_NO_COMMON_BLOCKS = YES;
				GCC_WARN_64_TO_32_BIT_CONVERSION = YES;
				GCC_WARN_ABOUT_RETURN_TYPE = YES_ERROR;
				GCC_WARN_UNDECLARED_SELECTOR = YES;
				GCC_WARN_UNINITIALIZED_AUTOS = YES_AGGRESSIVE;
				GCC_WARN_UNUSED_FUNCTION = YES;
				GCC_WARN_UNUSED_VARIABLE = YES;
				IPHONEOS_DEPLOYMENT_TARGET = 10.2;
				MTL_ENABLE_DEBUG_INFO = NO;
				SDKROOT = iphoneos;
				VALIDATE_PRODUCT = YES;
			};
			name = Release;
		};
		849DB5831E6823AA00FE8DA4 /* Debug */ = {
			isa = XCBuildConfiguration;
			buildSettings = {
				ASSETCATALOG_COMPILER_APPICON_NAME = AppIcon;
				DEVELOPMENT_TEAM = 3WD3PXL9FL;
				INFOPLIST_FILE = LJImageViewer/Info.plist;
				LD_RUNPATH_SEARCH_PATHS = "$(inherited) @executable_path/Frameworks";
				PRODUCT_BUNDLE_IDENTIFIER = com.xueersi.LJImageViewer;
				PRODUCT_NAME = "$(TARGET_NAME)";
			};
			name = Debug;
		};
		849DB5841E6823AA00FE8DA4 /* Release */ = {
			isa = XCBuildConfiguration;
			buildSettings = {
				ASSETCATALOG_COMPILER_APPICON_NAME = AppIcon;
				DEVELOPMENT_TEAM = 3WD3PXL9FL;
				INFOPLIST_FILE = LJImageViewer/Info.plist;
				LD_RUNPATH_SEARCH_PATHS = "$(inherited) @executable_path/Frameworks";
				PRODUCT_BUNDLE_IDENTIFIER = com.xueersi.LJImageViewer;
				PRODUCT_NAME = "$(TARGET_NAME)";
			};
			name = Release;
		};
		849DB5861E6823AA00FE8DA4 /* Debug */ = {
			isa = XCBuildConfiguration;
			buildSettings = {
				BUNDLE_LOADER = "$(TEST_HOST)";
				DEVELOPMENT_TEAM = 3WD3PXL9FL;
				INFOPLIST_FILE = LJImageViewerTests/Info.plist;
				LD_RUNPATH_SEARCH_PATHS = "$(inherited) @executable_path/Frameworks @loader_path/Frameworks";
				PRODUCT_BUNDLE_IDENTIFIER = com.xueersi.LJImageViewerTests;
				PRODUCT_NAME = "$(TARGET_NAME)";
				TEST_HOST = "$(BUILT_PRODUCTS_DIR)/LJImageViewer.app/LJImageViewer";
			};
			name = Debug;
		};
		849DB5871E6823AA00FE8DA4 /* Release */ = {
			isa = XCBuildConfiguration;
			buildSettings = {
				BUNDLE_LOADER = "$(TEST_HOST)";
				DEVELOPMENT_TEAM = 3WD3PXL9FL;
				INFOPLIST_FILE = LJImageViewerTests/Info.plist;
				LD_RUNPATH_SEARCH_PATHS = "$(inherited) @executable_path/Frameworks @loader_path/Frameworks";
				PRODUCT_BUNDLE_IDENTIFIER = com.xueersi.LJImageViewerTests;
				PRODUCT_NAME = "$(TARGET_NAME)";
				TEST_HOST = "$(BUILT_PRODUCTS_DIR)/LJImageViewer.app/LJImageViewer";
			};
			name = Release;
		};
		849DB5891E6823AA00FE8DA4 /* Debug */ = {
			isa = XCBuildConfiguration;
			buildSettings = {
				DEVELOPMENT_TEAM = 3WD3PXL9FL;
				INFOPLIST_FILE = LJImageViewerUITests/Info.plist;
				LD_RUNPATH_SEARCH_PATHS = "$(inherited) @executable_path/Frameworks @loader_path/Frameworks";
				PRODUCT_BUNDLE_IDENTIFIER = com.xueersi.LJImageViewerUITests;
				PRODUCT_NAME = "$(TARGET_NAME)";
				TEST_TARGET_NAME = LJImageViewer;
			};
			name = Debug;
		};
		849DB58A1E6823AA00FE8DA4 /* Release */ = {
			isa = XCBuildConfiguration;
			buildSettings = {
				DEVELOPMENT_TEAM = 3WD3PXL9FL;
				INFOPLIST_FILE = LJImageViewerUITests/Info.plist;
				LD_RUNPATH_SEARCH_PATHS = "$(inherited) @executable_path/Frameworks @loader_path/Frameworks";
				PRODUCT_BUNDLE_IDENTIFIER = com.xueersi.LJImageViewerUITests;
				PRODUCT_NAME = "$(TARGET_NAME)";
				TEST_TARGET_NAME = LJImageViewer;
			};
			name = Release;
		};
/* End XCBuildConfiguration section */

/* Begin XCConfigurationList section */
		849DB5501E6823AA00FE8DA4 /* Build configuration list for PBXProject "LJImageViewer" */ = {
			isa = XCConfigurationList;
			buildConfigurations = (
				849DB5801E6823AA00FE8DA4 /* Debug */,
				849DB5811E6823AA00FE8DA4 /* Release */,
			);
			defaultConfigurationIsVisible = 0;
			defaultConfigurationName = Release;
		};
		849DB5821E6823AA00FE8DA4 /* Build configuration list for PBXNativeTarget "LJImageViewer" */ = {
			isa = XCConfigurationList;
			buildConfigurations = (
				849DB5831E6823AA00FE8DA4 /* Debug */,
				849DB5841E6823AA00FE8DA4 /* Release */,
			);
			defaultConfigurationIsVisible = 0;
			defaultConfigurationName = Release;
		};
		849DB5851E6823AA00FE8DA4 /* Build configuration list for PBXNativeTarget "LJImageViewerTests" */ = {
			isa = XCConfigurationList;
			buildConfigurations = (
				849DB5861E6823AA00FE8DA4 /* Debug */,
				849DB5871E6823AA00FE8DA4 /* Release */,
			);
			defaultConfigurationIsVisible = 0;
			defaultConfigurationName = Release;
		};
		849DB5881E6823AA00FE8DA4 /* Build configuration list for PBXNativeTarget "LJImageViewerUITests" */ = {
			isa = XCConfigurationList;
			buildConfigurations = (
				849DB5891E6823AA00FE8DA4 /* Debug */,
				849DB58A1E6823AA00FE8DA4 /* Release */,
			);
			defaultConfigurationIsVisible = 0;
			defaultConfigurationName = Release;
		};
/* End XCConfigurationList section */
	};
	rootObject = 849DB54D1E6823AA00FE8DA4 /* Project object */;
}
